
Microsoft Visual Studio Solution File, Format Version 12.00
Project("{2150E333-8FDC-42A3-9474-1A3956D46DE8}") = "Abstractions", "Abstractions", "{3060B3AF-873A-4E8C-82B6-F8FCD998631F}"
EndProject
Project("{2150E333-8FDC-42A3-9474-1A3956D46DE8}") = "Infrastructure", "Infrastructure", "{C20B8E2E-8326-496D-A9AD-DEE0FE458E01}"
EndProject
Project("{FAE04EC0-301F-11D3-BF4B-00C04F79EFBC}") = "Dataframework.Abstractions.Primitives", "src\Abstractions\Dataframework.Abstractions.Primitives\Dataframework.Abstractions.Primitives.csproj", "{E95601AA-45FE-4271-9441-B2A19213633B}"
EndProject
Project("{2150E333-8FDC-42A3-9474-1A3956D46DE8}") = "Test", "Test", "{B6541A85-661B-4D57-8895-C510EB6B398E}"
EndProject
Project("{FAE04EC0-301F-11D3-BF4B-00C04F79EFBC}") = "Dataframework.Test.Unit", "test\Dataframework.Test.Unit\Dataframework.Test.Unit.csproj", "{3D852837-93BD-4404-B1B1-5B0A269F46D9}"
EndProject
Project("{2150E333-8FDC-42A3-9474-1A3956D46DE8}") = "Common", "Common", "{13A3747E-AE09-4C9B-A20E-DBBB1FDAC11E}"
EndProject
Project("{FAE04EC0-301F-11D3-BF4B-00C04F79EFBC}") = "Dataframework.Test.Common", "test\Common\Dataframework.Test.Common\Dataframework.Test.Common.csproj", "{D0CDE7FA-2633-49E2-ACBF-EF4B291DD7A5}"
EndProject
Project("{2150E333-8FDC-42A3-9474-1A3956D46DE8}") = "DataSources", "DataSources", "{D70EF84F-522F-4DC8-989A-D500914ED0E2}"
EndProject
Project("{FAE04EC0-301F-11D3-BF4B-00C04F79EFBC}") = "Dataframework.Abstractions.DataSources", "src\Abstractions\DataSources\Dataframework.Abstractions.DataSources\Dataframework.Abstractions.DataSources.csproj", "{168EBAF2-F4A6-4AFF-A4C7-834E41D4FC0D}"
EndProject
Project("{FAE04EC0-301F-11D3-BF4B-00C04F79EFBC}") = "Dataframework.Abstractions.DataSources.Sql", "src\Abstractions\DataSources\Dataframework.Abstractions.DataSources.Sql\Dataframework.Abstractions.DataSources.Sql.csproj", "{CA2D1D49-E1B7-401C-B64C-78FEA06D2683}"
EndProject
Project("{FAE04EC0-301F-11D3-BF4B-00C04F79EFBC}") = "Dataframework.Abstractions.Repositories", "src\Abstractions\Dataframework.Abstractions.Repositories\Dataframework.Abstractions.Repositories.csproj", "{A8B6CCDB-A426-40C0-8EAD-D04AF62F75FC}"
EndProject
Project("{FAE04EC0-301F-11D3-BF4B-00C04F79EFBC}") = "Dataframework.Test.Common.Mocks", "test\Common\Dataframework.Test.Common.Mocks\Dataframework.Test.Common.Mocks.csproj", "{4491517F-7291-40E7-879C-B90AF82B390F}"
EndProject
Project("{FAE04EC0-301F-11D3-BF4B-00C04F79EFBC}") = "Dataframework.Test.Common.Attributes", "test\Common\Dataframework.Test.Common.Attributes\Dataframework.Test.Common.Attributes.csproj", "{BFFD060A-EC58-4CCE-B081-302F9C55D7B4}"
EndProject
Project("{FAE04EC0-301F-11D3-BF4B-00C04F79EFBC}") = "Dataframework.Test.Common.Utils", "test\Common\Dataframework.Test.Common.Utils\Dataframework.Test.Common.Utils.csproj", "{5F034C59-B52D-4800-8239-BAD60A249EDB}"
EndProject
Project("{2150E333-8FDC-42A3-9474-1A3956D46DE8}") = "Core", "Core", "{F0026DB7-3533-4032-837D-B758E2356603}"
EndProject
Project("{FAE04EC0-301F-11D3-BF4B-00C04F79EFBC}") = "Dataframework.Core.Primitives", "src\Core\Dataframework.Core.Primitives\Dataframework.Core.Primitives.csproj", "{ECFD7DCE-D175-4160-ACF6-CFA89AD92F6D}"
EndProject
Project("{FAE04EC0-301F-11D3-BF4B-00C04F79EFBC}") = "Dataframework.Core.Repositories", "src\Core\Dataframework.Core.Repositories\Dataframework.Core.Repositories.csproj", "{9A8ACBFA-3F2B-49FA-A118-7ABFBE4E2980}"
EndProject
Project("{FAE04EC0-301F-11D3-BF4B-00C04F79EFBC}") = "Dataframework.Infrastructure.DataSources.Sql", "src\Infrastructure\Dataframework.Infrastructure.DataSources.Sql\Dataframework.Infrastructure.DataSources.Sql.csproj", "{28B5FFB4-C716-4571-AC77-D4581BE43545}"
EndProject
Project("{FAE04EC0-301F-11D3-BF4B-00C04F79EFBC}") = "Dataframework.Core.Services.Entities", "src\Core\Dataframework.Core.Services.Entities\Dataframework.Core.Services.Entities.csproj", "{F6FDE538-F699-453F-9F6A-97C52B9F99E6}"
EndProject
Project("{FAE04EC0-301F-11D3-BF4B-00C04F79EFBC}") = "Dataframework.Abstractions.Services.Entities", "src\Abstractions\Dataframework.Abstractions.Services.Entities\Dataframework.Abstractions.Services.Entities.csproj", "{D3BDC4A6-FF9C-4D16-A2C7-0096F05B39AA}"
EndProject
Global
	GlobalSection(SolutionConfigurationPlatforms) = preSolution
		Debug|Any CPU = Debug|Any CPU
		Release|Any CPU = Release|Any CPU
	EndGlobalSection
	GlobalSection(ProjectConfigurationPlatforms) = postSolution
		{E95601AA-45FE-4271-9441-B2A19213633B}.Debug|Any CPU.ActiveCfg = Debug|Any CPU
		{E95601AA-45FE-4271-9441-B2A19213633B}.Debug|Any CPU.Build.0 = Debug|Any CPU
		{E95601AA-45FE-4271-9441-B2A19213633B}.Release|Any CPU.ActiveCfg = Release|Any CPU
		{E95601AA-45FE-4271-9441-B2A19213633B}.Release|Any CPU.Build.0 = Release|Any CPU
		{3D852837-93BD-4404-B1B1-5B0A269F46D9}.Debug|Any CPU.ActiveCfg = Debug|Any CPU
		{3D852837-93BD-4404-B1B1-5B0A269F46D9}.Debug|Any CPU.Build.0 = Debug|Any CPU
		{3D852837-93BD-4404-B1B1-5B0A269F46D9}.Release|Any CPU.ActiveCfg = Release|Any CPU
		{3D852837-93BD-4404-B1B1-5B0A269F46D9}.Release|Any CPU.Build.0 = Release|Any CPU
		{D0CDE7FA-2633-49E2-ACBF-EF4B291DD7A5}.Debug|Any CPU.ActiveCfg = Debug|Any CPU
		{D0CDE7FA-2633-49E2-ACBF-EF4B291DD7A5}.Debug|Any CPU.Build.0 = Debug|Any CPU
		{D0CDE7FA-2633-49E2-ACBF-EF4B291DD7A5}.Release|Any CPU.ActiveCfg = Release|Any CPU
		{D0CDE7FA-2633-49E2-ACBF-EF4B291DD7A5}.Release|Any CPU.Build.0 = Release|Any CPU
		{168EBAF2-F4A6-4AFF-A4C7-834E41D4FC0D}.Debug|Any CPU.ActiveCfg = Debug|Any CPU
		{168EBAF2-F4A6-4AFF-A4C7-834E41D4FC0D}.Debug|Any CPU.Build.0 = Debug|Any CPU
		{168EBAF2-F4A6-4AFF-A4C7-834E41D4FC0D}.Release|Any CPU.ActiveCfg = Release|Any CPU
		{168EBAF2-F4A6-4AFF-A4C7-834E41D4FC0D}.Release|Any CPU.Build.0 = Release|Any CPU
		{CA2D1D49-E1B7-401C-B64C-78FEA06D2683}.Debug|Any CPU.ActiveCfg = Debug|Any CPU
		{CA2D1D49-E1B7-401C-B64C-78FEA06D2683}.Debug|Any CPU.Build.0 = Debug|Any CPU
		{CA2D1D49-E1B7-401C-B64C-78FEA06D2683}.Release|Any CPU.ActiveCfg = Release|Any CPU
		{CA2D1D49-E1B7-401C-B64C-78FEA06D2683}.Release|Any CPU.Build.0 = Release|Any CPU
		{A8B6CCDB-A426-40C0-8EAD-D04AF62F75FC}.Debug|Any CPU.ActiveCfg = Debug|Any CPU
		{A8B6CCDB-A426-40C0-8EAD-D04AF62F75FC}.Debug|Any CPU.Build.0 = Debug|Any CPU
		{A8B6CCDB-A426-40C0-8EAD-D04AF62F75FC}.Release|Any CPU.ActiveCfg = Release|Any CPU
		{A8B6CCDB-A426-40C0-8EAD-D04AF62F75FC}.Release|Any CPU.Build.0 = Release|Any CPU
		{4491517F-7291-40E7-879C-B90AF82B390F}.Debug|Any CPU.ActiveCfg = Debug|Any CPU
		{4491517F-7291-40E7-879C-B90AF82B390F}.Debug|Any CPU.Build.0 = Debug|Any CPU
		{4491517F-7291-40E7-879C-B90AF82B390F}.Release|Any CPU.ActiveCfg = Release|Any CPU
		{4491517F-7291-40E7-879C-B90AF82B390F}.Release|Any CPU.Build.0 = Release|Any CPU
		{BFFD060A-EC58-4CCE-B081-302F9C55D7B4}.Debug|Any CPU.ActiveCfg = Debug|Any CPU
		{BFFD060A-EC58-4CCE-B081-302F9C55D7B4}.Debug|Any CPU.Build.0 = Debug|Any CPU
		{BFFD060A-EC58-4CCE-B081-302F9C55D7B4}.Release|Any CPU.ActiveCfg = Release|Any CPU
		{BFFD060A-EC58-4CCE-B081-302F9C55D7B4}.Release|Any CPU.Build.0 = Release|Any CPU
		{5F034C59-B52D-4800-8239-BAD60A249EDB}.Debug|Any CPU.ActiveCfg = Debug|Any CPU
		{5F034C59-B52D-4800-8239-BAD60A249EDB}.Debug|Any CPU.Build.0 = Debug|Any CPU
		{5F034C59-B52D-4800-8239-BAD60A249EDB}.Release|Any CPU.ActiveCfg = Release|Any CPU
		{5F034C59-B52D-4800-8239-BAD60A249EDB}.Release|Any CPU.Build.0 = Release|Any CPU
		{ECFD7DCE-D175-4160-ACF6-CFA89AD92F6D}.Debug|Any CPU.ActiveCfg = Debug|Any CPU
		{ECFD7DCE-D175-4160-ACF6-CFA89AD92F6D}.Debug|Any CPU.Build.0 = Debug|Any CPU
		{ECFD7DCE-D175-4160-ACF6-CFA89AD92F6D}.Release|Any CPU.ActiveCfg = Release|Any CPU
		{ECFD7DCE-D175-4160-ACF6-CFA89AD92F6D}.Release|Any CPU.Build.0 = Release|Any CPU
		{9A8ACBFA-3F2B-49FA-A118-7ABFBE4E2980}.Debug|Any CPU.ActiveCfg = Debug|Any CPU
		{9A8ACBFA-3F2B-49FA-A118-7ABFBE4E2980}.Debug|Any CPU.Build.0 = Debug|Any CPU
		{9A8ACBFA-3F2B-49FA-A118-7ABFBE4E2980}.Release|Any CPU.ActiveCfg = Release|Any CPU
		{9A8ACBFA-3F2B-49FA-A118-7ABFBE4E2980}.Release|Any CPU.Build.0 = Release|Any CPU
		{28B5FFB4-C716-4571-AC77-D4581BE43545}.Debug|Any CPU.ActiveCfg = Debug|Any CPU
		{28B5FFB4-C716-4571-AC77-D4581BE43545}.Debug|Any CPU.Build.0 = Debug|Any CPU
		{28B5FFB4-C716-4571-AC77-D4581BE43545}.Release|Any CPU.ActiveCfg = Release|Any CPU
		{28B5FFB4-C716-4571-AC77-D4581BE43545}.Release|Any CPU.Build.0 = Release|Any CPU
		{F6FDE538-F699-453F-9F6A-97C52B9F99E6}.Debug|Any CPU.ActiveCfg = Debug|Any CPU
		{F6FDE538-F699-453F-9F6A-97C52B9F99E6}.Debug|Any CPU.Build.0 = Debug|Any CPU
		{F6FDE538-F699-453F-9F6A-97C52B9F99E6}.Release|Any CPU.ActiveCfg = Release|Any CPU
		{F6FDE538-F699-453F-9F6A-97C52B9F99E6}.Release|Any CPU.Build.0 = Release|Any CPU
		{D3BDC4A6-FF9C-4D16-A2C7-0096F05B39AA}.Debug|Any CPU.ActiveCfg = Debug|Any CPU
		{D3BDC4A6-FF9C-4D16-A2C7-0096F05B39AA}.Debug|Any CPU.Build.0 = Debug|Any CPU
		{D3BDC4A6-FF9C-4D16-A2C7-0096F05B39AA}.Release|Any CPU.ActiveCfg = Release|Any CPU
		{D3BDC4A6-FF9C-4D16-A2C7-0096F05B39AA}.Release|Any CPU.Build.0 = Release|Any CPU
	EndGlobalSection
	GlobalSection(NestedProjects) = preSolution
		{E95601AA-45FE-4271-9441-B2A19213633B} = {3060B3AF-873A-4E8C-82B6-F8FCD998631F}
		{3D852837-93BD-4404-B1B1-5B0A269F46D9} = {B6541A85-661B-4D57-8895-C510EB6B398E}
		{13A3747E-AE09-4C9B-A20E-DBBB1FDAC11E} = {B6541A85-661B-4D57-8895-C510EB6B398E}
		{D0CDE7FA-2633-49E2-ACBF-EF4B291DD7A5} = {13A3747E-AE09-4C9B-A20E-DBBB1FDAC11E}
		{D70EF84F-522F-4DC8-989A-D500914ED0E2} = {3060B3AF-873A-4E8C-82B6-F8FCD998631F}
		{168EBAF2-F4A6-4AFF-A4C7-834E41D4FC0D} = {D70EF84F-522F-4DC8-989A-D500914ED0E2}
		{CA2D1D49-E1B7-401C-B64C-78FEA06D2683} = {D70EF84F-522F-4DC8-989A-D500914ED0E2}
		{A8B6CCDB-A426-40C0-8EAD-D04AF62F75FC} = {3060B3AF-873A-4E8C-82B6-F8FCD998631F}
		{4491517F-7291-40E7-879C-B90AF82B390F} = {13A3747E-AE09-4C9B-A20E-DBBB1FDAC11E}
		{BFFD060A-EC58-4CCE-B081-302F9C55D7B4} = {13A3747E-AE09-4C9B-A20E-DBBB1FDAC11E}
		{5F034C59-B52D-4800-8239-BAD60A249EDB} = {13A3747E-AE09-4C9B-A20E-DBBB1FDAC11E}
		{ECFD7DCE-D175-4160-ACF6-CFA89AD92F6D} = {F0026DB7-3533-4032-837D-B758E2356603}
		{9A8ACBFA-3F2B-49FA-A118-7ABFBE4E2980} = {F0026DB7-3533-4032-837D-B758E2356603}
		{28B5FFB4-C716-4571-AC77-D4581BE43545} = {C20B8E2E-8326-496D-A9AD-DEE0FE458E01}
		{F6FDE538-F699-453F-9F6A-97C52B9F99E6} = {F0026DB7-3533-4032-837D-B758E2356603}
		{D3BDC4A6-FF9C-4D16-A2C7-0096F05B39AA} = {3060B3AF-873A-4E8C-82B6-F8FCD998631F}
	EndGlobalSection
EndGlobal
